<?xml version="1.0" encoding="utf-8"?>
<Project xmlns="http://schemas.microsoft.com/developer/msbuild/2003" ToolsVersion="4.0">
  <ItemGroup>
    <ClCompile Include="..\..\src\acceptor.cpp" />
    <ClCompile Include="..\..\src\address.cpp" />
    <ClCompile Include="..\..\src\connection.cpp" />
    <ClCompile Include="..\..\src\ioloop.cpp" />
    <ClCompile Include="..\..\src\log.cpp" />
    <ClCompile Include="..\..\src\notifier.cpp" />
    <ClCompile Include="..\..\src\poller.cpp" />
    <ClCompile Include="..\..\src\process.cpp" />
    <ClCompile Include="..\..\src\signaler.cpp" />
    <ClCompile Include="..\..\src\sockutil.cpp" />
    <ClCompile Include="..\..\src\stringutil.cpp" />
    <ClCompile Include="..\..\src\tcpserver.cpp" />
    <ClCompile Include="..\..\src\timer.cpp" />
    <ClCompile Include="..\..\src\timingwheel.cpp" />
    <ClCompile Include="..\..\src\http\http_parser.c">
      <Filter>http</Filter>
    </ClCompile>
    <ClCompile Include="..\..\src\http\httpclient.cpp">
      <Filter>http</Filter>
    </ClCompile>
    <ClCompile Include="..\..\src\http\httpconnection.cpp">
      <Filter>http</Filter>
    </ClCompile>
    <ClCompile Include="..\..\src\http\httpconnector.cpp">
      <Filter>http</Filter>
    </ClCompile>
    <ClCompile Include="..\..\src\http\httpparser.cpp">
      <Filter>http</Filter>
    </ClCompile>
    <ClCompile Include="..\..\src\http\httprequest.cpp">
      <Filter>http</Filter>
    </ClCompile>
    <ClCompile Include="..\..\src\http\httpresponse.cpp">
      <Filter>http</Filter>
    </ClCompile>
    <ClCompile Include="..\..\src\http\httpserver.cpp">
      <Filter>http</Filter>
    </ClCompile>
    <ClCompile Include="..\..\src\http\httputil.cpp">
      <Filter>http</Filter>
    </ClCompile>
    <ClCompile Include="..\..\src\http\wsclient.cpp">
      <Filter>http</Filter>
    </ClCompile>
    <ClCompile Include="..\..\src\http\wsconnection.cpp">
      <Filter>http</Filter>
    </ClCompile>
    <ClCompile Include="..\..\src\http\wsutil.cpp">
      <Filter>http</Filter>
    </ClCompile>
  </ItemGroup>
  <ItemGroup>
    <ClInclude Include="..\..\src\acceptor.h" />
    <ClInclude Include="..\..\src\address.h" />
    <ClInclude Include="..\..\src\connection.h" />
    <ClInclude Include="..\..\src\connector.h" />
    <ClInclude Include="..\..\src\ioevent.h" />
    <ClInclude Include="..\..\src\ioloop.h" />
    <ClInclude Include="..\..\src\log.h" />
    <ClInclude Include="..\..\src\nocopyable.h" />
    <ClInclude Include="..\..\src\notifier.h" />
    <ClInclude Include="..\..\src\poller.h" />
    <ClInclude Include="..\..\src\process.h" />
    <ClInclude Include="..\..\src\signaler.h" />
    <ClInclude Include="..\..\src\sockutil.h" />
    <ClInclude Include="..\..\src\spinlock.h" />
    <ClInclude Include="..\..\src\stringutil.h" />
    <ClInclude Include="..\..\src\tcpserver.h" />
    <ClInclude Include="..\..\src\timer.h" />
    <ClInclude Include="..\..\src\timingwheel.h" />
    <ClInclude Include="..\..\src\tnet.h" />
    <ClInclude Include="..\..\src\http\http_parser.h">
      <Filter>http</Filter>
    </ClInclude>
    <ClInclude Include="..\..\src\http\httpclient.h">
      <Filter>http</Filter>
    </ClInclude>
    <ClInclude Include="..\..\src\http\httpconnection.h">
      <Filter>http</Filter>
    </ClInclude>
    <ClInclude Include="..\..\src\http\httpconnector.h">
      <Filter>http</Filter>
    </ClInclude>
    <ClInclude Include="..\..\src\http\httpparser.h">
      <Filter>http</Filter>
    </ClInclude>
    <ClInclude Include="..\..\src\http\httprequest.h">
      <Filter>http</Filter>
    </ClInclude>
    <ClInclude Include="..\..\src\http\httpresponse.h">
      <Filter>http</Filter>
    </ClInclude>
    <ClInclude Include="..\..\src\http\httpserver.h">
      <Filter>http</Filter>
    </ClInclude>
    <ClInclude Include="..\..\src\http\httputil.h">
      <Filter>http</Filter>
    </ClInclude>
    <ClInclude Include="..\..\src\http\tnet_http.h">
      <Filter>http</Filter>
    </ClInclude>
    <ClInclude Include="..\..\src\http\wsclient.h">
      <Filter>http</Filter>
    </ClInclude>
    <ClInclude Include="..\..\src\http\wsconnection.h">
      <Filter>http</Filter>
    </ClInclude>
    <ClInclude Include="..\..\src\http\wsutil.h">
      <Filter>http</Filter>
    </ClInclude>
  </ItemGroup>
  <ItemGroup>
    <None Include="..\..\src\connector.inl" />
  </ItemGroup>
  <ItemGroup>
    <Filter Include="http">
      <UniqueIdentifier>{870d8fb6-480b-43ef-8ed6-70800fb37761}</UniqueIdentifier>
    </Filter>
  </ItemGroup>
</Project>