<?xml version="1.0" encoding="utf-8"?>
<Project xmlns="http://schemas.microsoft.com/developer/msbuild/2003" ToolsVersion="4.0">
  <ItemGroup>
    <ClCompile Include="..\..\src\http\http_parser.c">
      <Filter>http</Filter>
    </ClCompile>
    <ClCompile Include="..\..\src\http\httpclient.cpp">
      <Filter>http</Filter>
    </ClCompile>
    <ClCompile Include="..\..\src\http\httpconnection.cpp">
      <Filter>http</Filter>
    </ClCompile>
    <ClCompile Include="..\..\src\http\httpconnector.cpp">
      <Filter>http</Filter>
    </ClCompile>
    <ClCompile Include="..\..\src\http\httpparser.cpp">
      <Filter>http</Filter>
    </ClCompile>
    <ClCompile Include="..\..\src\http\httprequest.cpp">
      <Filter>http</Filter>
    </ClCompile>
    <ClCompile Include="..\..\src\http\httpresponse.cpp">
      <Filter>http</Filter>
    </ClCompile>
    <ClCompile Include="..\..\src\http\httpserver.cpp">
      <Filter>http</Filter>
    </ClCompile>
    <ClCompile Include="..\..\src\http\httputil.cpp">
      <Filter>http</Filter>
    </ClCompile>
    <ClCompile Include="..\..\src\http\wsclient.cpp">
      <Filter>http</Filter>
    </ClCompile>
    <ClCompile Include="..\..\src\http\wsconnection.cpp">
      <Filter>http</Filter>
    </ClCompile>
    <ClCompile Include="..\..\src\http\wsutil.cpp">
      <Filter>http</Filter>
    </ClCompile>
    <ClCompile Include="..\..\src\acceptor.cpp">
      <Filter>base</Filter>
    </ClCompile>
    <ClCompile Include="..\..\src\address.cpp">
      <Filter>base</Filter>
    </ClCompile>
    <ClCompile Include="..\..\src\connection.cpp">
      <Filter>base</Filter>
    </ClCompile>
    <ClCompile Include="..\..\src\ioloop.cpp">
      <Filter>base</Filter>
    </ClCompile>
    <ClCompile Include="..\..\src\log.cpp">
      <Filter>base</Filter>
    </ClCompile>
    <ClCompile Include="..\..\src\notifier.cpp">
      <Filter>base</Filter>
    </ClCompile>
    <ClCompile Include="..\..\src\poller.cpp">
      <Filter>base</Filter>
    </ClCompile>
    <ClCompile Include="..\..\src\signaler.cpp">
      <Filter>base</Filter>
    </ClCompile>
    <ClCompile Include="..\..\src\sockutil.cpp">
      <Filter>base</Filter>
    </ClCompile>
    <ClCompile Include="..\..\src\stringutil.cpp">
      <Filter>base</Filter>
    </ClCompile>
    <ClCompile Include="..\..\src\tcpserver.cpp">
      <Filter>base</Filter>
    </ClCompile>
    <ClCompile Include="..\..\src\timer.cpp">
      <Filter>base</Filter>
    </ClCompile>
    <ClCompile Include="..\..\src\timingwheel.cpp">
      <Filter>base</Filter>
    </ClCompile>
    <ClCompile Include="..\..\src\tprocess.cpp">
      <Filter>base</Filter>
    </ClCompile>
    <ClCompile Include="..\..\src\win_utils\utils.cpp">
      <Filter>utils</Filter>
    </ClCompile>
    <ClCompile Include="..\..\src\polarssl\base64.c">
      <Filter>ssl</Filter>
    </ClCompile>
    <ClCompile Include="..\..\src\polarssl\md5.c">
      <Filter>ssl</Filter>
    </ClCompile>
    <ClCompile Include="..\..\src\polarssl\sha1.c">
      <Filter>ssl</Filter>
    </ClCompile>
  </ItemGroup>
  <ItemGroup>
    <ClInclude Include="..\..\src\http\http_parser.h">
      <Filter>http</Filter>
    </ClInclude>
    <ClInclude Include="..\..\src\http\httpclient.h">
      <Filter>http</Filter>
    </ClInclude>
    <ClInclude Include="..\..\src\http\httpconnection.h">
      <Filter>http</Filter>
    </ClInclude>
    <ClInclude Include="..\..\src\http\httpconnector.h">
      <Filter>http</Filter>
    </ClInclude>
    <ClInclude Include="..\..\src\http\httpparser.h">
      <Filter>http</Filter>
    </ClInclude>
    <ClInclude Include="..\..\src\http\httprequest.h">
      <Filter>http</Filter>
    </ClInclude>
    <ClInclude Include="..\..\src\http\httpresponse.h">
      <Filter>http</Filter>
    </ClInclude>
    <ClInclude Include="..\..\src\http\httpserver.h">
      <Filter>http</Filter>
    </ClInclude>
    <ClInclude Include="..\..\src\http\httputil.h">
      <Filter>http</Filter>
    </ClInclude>
    <ClInclude Include="..\..\src\http\tnet_http.h">
      <Filter>http</Filter>
    </ClInclude>
    <ClInclude Include="..\..\src\http\wsclient.h">
      <Filter>http</Filter>
    </ClInclude>
    <ClInclude Include="..\..\src\http\wsconnection.h">
      <Filter>http</Filter>
    </ClInclude>
    <ClInclude Include="..\..\src\http\wsutil.h">
      <Filter>http</Filter>
    </ClInclude>
    <ClInclude Include="..\..\src\acceptor.h">
      <Filter>base</Filter>
    </ClInclude>
    <ClInclude Include="..\..\src\address.h">
      <Filter>base</Filter>
    </ClInclude>
    <ClInclude Include="..\..\src\connection.h">
      <Filter>base</Filter>
    </ClInclude>
    <ClInclude Include="..\..\src\connector.h">
      <Filter>base</Filter>
    </ClInclude>
    <ClInclude Include="..\..\src\ioevent.h">
      <Filter>base</Filter>
    </ClInclude>
    <ClInclude Include="..\..\src\ioloop.h">
      <Filter>base</Filter>
    </ClInclude>
    <ClInclude Include="..\..\src\log.h">
      <Filter>base</Filter>
    </ClInclude>
    <ClInclude Include="..\..\src\nocopyable.h">
      <Filter>base</Filter>
    </ClInclude>
    <ClInclude Include="..\..\src\notifier.h">
      <Filter>base</Filter>
    </ClInclude>
    <ClInclude Include="..\..\src\poller.h">
      <Filter>base</Filter>
    </ClInclude>
    <ClInclude Include="..\..\src\signaler.h">
      <Filter>base</Filter>
    </ClInclude>
    <ClInclude Include="..\..\src\sockutil.h">
      <Filter>base</Filter>
    </ClInclude>
    <ClInclude Include="..\..\src\spinlock.h">
      <Filter>base</Filter>
    </ClInclude>
    <ClInclude Include="..\..\src\stringutil.h">
      <Filter>base</Filter>
    </ClInclude>
    <ClInclude Include="..\..\src\tcpserver.h">
      <Filter>base</Filter>
    </ClInclude>
    <ClInclude Include="..\..\src\timer.h">
      <Filter>base</Filter>
    </ClInclude>
    <ClInclude Include="..\..\src\timingwheel.h">
      <Filter>base</Filter>
    </ClInclude>
    <ClInclude Include="..\..\src\tnet.h">
      <Filter>base</Filter>
    </ClInclude>
    <ClInclude Include="..\..\src\tprocess.h">
      <Filter>base</Filter>
    </ClInclude>
    <ClInclude Include="..\..\src\win_utils\utils.h">
      <Filter>utils</Filter>
    </ClInclude>
    <ClInclude Include="..\..\src\polarssl\base64.h">
      <Filter>ssl</Filter>
    </ClInclude>
    <ClInclude Include="..\..\src\polarssl\md5.h">
      <Filter>ssl</Filter>
    </ClInclude>
    <ClInclude Include="..\..\src\polarssl\sha1.h">
      <Filter>ssl</Filter>
    </ClInclude>
    <ClInclude Include="..\..\src\log_lvl.h">
      <Filter>base</Filter>
    </ClInclude>
  </ItemGroup>
  <ItemGroup>
    <Filter Include="http">
      <UniqueIdentifier>{870d8fb6-480b-43ef-8ed6-70800fb37761}</UniqueIdentifier>
    </Filter>
    <Filter Include="base">
      <UniqueIdentifier>{b053a5b0-ecc0-4101-96c6-c03af95d878c}</UniqueIdentifier>
    </Filter>
    <Filter Include="utils">
      <UniqueIdentifier>{8adc5d4a-b86f-4f0a-acee-eb65fa05af3d}</UniqueIdentifier>
    </Filter>
    <Filter Include="ssl">
      <UniqueIdentifier>{aab27b7f-75a7-44c6-a147-328f9019d869}</UniqueIdentifier>
    </Filter>
  </ItemGroup>
  <ItemGroup>
    <None Include="..\..\src\connector.inl">
      <Filter>base</Filter>
    </None>
  </ItemGroup>
</Project>